
Microsoft Visual Studio Solution File, Format Version 12.00
# Visual Studio Version 17
VisualStudioVersion = 17.13.35931.197
MinimumVisualStudioVersion = 10.0.40219.1
Project("{2150E333-8FDC-42A3-9474-1A3956D46DE8}") = "Core", "Core", "{02EA681E-C7D8-13C7-8484-4AC65E1B71E8}"
EndProject
Project("{2150E333-8FDC-42A3-9474-1A3956D46DE8}") = "Services", "Services", "{FCA088B1-0CCB-4438-ABCF-77BED977CBD5}"
EndProject
Project("{2150E333-8FDC-42A3-9474-1A3956D46DE8}") = "BuildingBlocks", "BuildingBlocks", "{E9C9FC01-E941-468F-97A4-45F861971FC3}"
EndProject
Project("{FAE04EC0-301F-11D3-BF4B-00C04F79EFBC}") = "Core.Domain", "Core\Core.Domain\Core.Domain.csproj", "{E4858600-5F3F-448D-94D0-6AAA12FE73A1}"
EndProject
Project("{2150E333-8FDC-42A3-9474-1A3956D46DE8}") = "User", "User", "{3463D1B1-5EFD-4E9B-B18A-C7436CB0E46D}"
EndProject
Project("{2150E333-8FDC-42A3-9474-1A3956D46DE8}") = "Academic", "Academic", "{46DAFC0E-4210-4CB1-9E1E-6327C485FFAE}"
EndProject
Project("{2150E333-8FDC-42A3-9474-1A3956D46DE8}") = "Enrollment", "Enrollment", "{AC85EDB5-D3EF-47C2-9DCB-AECF2EF90360}"
EndProject
Project("{2150E333-8FDC-42A3-9474-1A3956D46DE8}") = "Grading", "Grading", "{1E406E87-C93A-4E85-8F0F-5211DE5EDFE6}"
EndProject
Project("{2150E333-8FDC-42A3-9474-1A3956D46DE8}") = "Scheduling", "Scheduling", "{B879BC23-C85C-4CB0-A96F-8A20D9499888}"
EndProject
Project("{2150E333-8FDC-42A3-9474-1A3956D46DE8}") = "Billing", "Billing", "{1F8FC953-5E6D-4357-849C-DD3406F6AF0E}"
EndProject
Project("{2150E333-8FDC-42A3-9474-1A3956D46DE8}") = "Library", "Library", "{5E4EC627-1694-4D2D-B51B-4CE10FBFC414}"
EndProject
Project("{2150E333-8FDC-42A3-9474-1A3956D46DE8}") = "Notification", "Notification", "{9DA05EBB-BDF3-4005-9C47-9DB8CDE04603}"
EndProject
Project("{FAE04EC0-301F-11D3-BF4B-00C04F79EFBC}") = "Core.Application", "Core\Core.Application\Core.Application.csproj", "{2C75E685-BBCF-4648-BCBC-2F857756D6C7}"
EndProject
Project("{FAE04EC0-301F-11D3-BF4B-00C04F79EFBC}") = "Core.Infrastructure", "Core\Core.Infrastructure\Core.Infrastructure.csproj", "{01AE05F0-CD32-4F54-8A47-F129E79A1C8C}"
EndProject
Project("{FAE04EC0-301F-11D3-BF4B-00C04F79EFBC}") = "Core.IoC", "Core\Core.IoC\Core.IoC.csproj", "{4605DF3F-AB58-4D18-B0D5-E2387C253FE8}"
EndProject
Project("{FAE04EC0-301F-11D3-BF4B-00C04F79EFBC}") = "Core.API", "Core\Core.API\Core.API.csproj", "{B7DA7BCA-E308-4E75-9805-1641BB80107B}"
EndProject
Project("{FAE04EC0-301F-11D3-BF4B-00C04F79EFBC}") = "Academic.API", "Services\Academic\Academic.API\Academic.API.csproj", "{9F7D91BF-D100-48D8-9E07-CCEBC2865CB4}"
EndProject
Project("{FAE04EC0-301F-11D3-BF4B-00C04F79EFBC}") = "Academic.Domain", "Services\Academic\Academic.Domain\Academic.Domain.csproj", "{D0AA7D45-042C-4B11-86B7-169430460199}"
EndProject
Project("{FAE04EC0-301F-11D3-BF4B-00C04F79EFBC}") = "Academic.Application", "Services\Academic\Academic.Application\Academic.Application.csproj", "{B560B4CF-9F0C-4673-9F0C-46BC72E7E745}"
EndProject
Project("{FAE04EC0-301F-11D3-BF4B-00C04F79EFBC}") = "Academic.Infrastructure", "Services\Academic\Academic.Infrastructure\Academic.Infrastructure.csproj", "{6ABF48C5-D9C2-4EF7-A66A-DFD45DEC3512}"
EndProject
Project("{FAE04EC0-301F-11D3-BF4B-00C04F79EFBC}") = "Academic.IoC", "Services\Academic\Academic,IoC\Academic.IoC.csproj", "{966428A7-0692-4D5E-9498-386842EB6051}"
EndProject
Global
	GlobalSection(SolutionConfigurationPlatforms) = preSolution
		Debug|Any CPU = Debug|Any CPU
		Release|Any CPU = Release|Any CPU
	EndGlobalSection
	GlobalSection(ProjectConfigurationPlatforms) = postSolution
		{E4858600-5F3F-448D-94D0-6AAA12FE73A1}.Debug|Any CPU.ActiveCfg = Debug|Any CPU
		{E4858600-5F3F-448D-94D0-6AAA12FE73A1}.Debug|Any CPU.Build.0 = Debug|Any CPU
		{E4858600-5F3F-448D-94D0-6AAA12FE73A1}.Release|Any CPU.ActiveCfg = Release|Any CPU
		{E4858600-5F3F-448D-94D0-6AAA12FE73A1}.Release|Any CPU.Build.0 = Release|Any CPU
		{2C75E685-BBCF-4648-BCBC-2F857756D6C7}.Debug|Any CPU.ActiveCfg = Debug|Any CPU
		{2C75E685-BBCF-4648-BCBC-2F857756D6C7}.Debug|Any CPU.Build.0 = Debug|Any CPU
		{2C75E685-BBCF-4648-BCBC-2F857756D6C7}.Release|Any CPU.ActiveCfg = Release|Any CPU
		{2C75E685-BBCF-4648-BCBC-2F857756D6C7}.Release|Any CPU.Build.0 = Release|Any CPU
		{01AE05F0-CD32-4F54-8A47-F129E79A1C8C}.Debug|Any CPU.ActiveCfg = Debug|Any CPU
		{01AE05F0-CD32-4F54-8A47-F129E79A1C8C}.Debug|Any CPU.Build.0 = Debug|Any CPU
		{01AE05F0-CD32-4F54-8A47-F129E79A1C8C}.Release|Any CPU.ActiveCfg = Release|Any CPU
		{01AE05F0-CD32-4F54-8A47-F129E79A1C8C}.Release|Any CPU.Build.0 = Release|Any CPU
		{4605DF3F-AB58-4D18-B0D5-E2387C253FE8}.Debug|Any CPU.ActiveCfg = Debug|Any CPU
		{4605DF3F-AB58-4D18-B0D5-E2387C253FE8}.Debug|Any CPU.Build.0 = Debug|Any CPU
		{4605DF3F-AB58-4D18-B0D5-E2387C253FE8}.Release|Any CPU.ActiveCfg = Release|Any CPU
		{4605DF3F-AB58-4D18-B0D5-E2387C253FE8}.Release|Any CPU.Build.0 = Release|Any CPU
		{B7DA7BCA-E308-4E75-9805-1641BB80107B}.Debug|Any CPU.ActiveCfg = Debug|Any CPU
		{B7DA7BCA-E308-4E75-9805-1641BB80107B}.Debug|Any CPU.Build.0 = Debug|Any CPU
		{B7DA7BCA-E308-4E75-9805-1641BB80107B}.Release|Any CPU.ActiveCfg = Release|Any CPU
		{B7DA7BCA-E308-4E75-9805-1641BB80107B}.Release|Any CPU.Build.0 = Release|Any CPU
		{9F7D91BF-D100-48D8-9E07-CCEBC2865CB4}.Debug|Any CPU.ActiveCfg = Debug|Any CPU
		{9F7D91BF-D100-48D8-9E07-CCEBC2865CB4}.Debug|Any CPU.Build.0 = Debug|Any CPU
		{9F7D91BF-D100-48D8-9E07-CCEBC2865CB4}.Release|Any CPU.ActiveCfg = Release|Any CPU
		{9F7D91BF-D100-48D8-9E07-CCEBC2865CB4}.Release|Any CPU.Build.0 = Release|Any CPU
		{D0AA7D45-042C-4B11-86B7-169430460199}.Debug|Any CPU.ActiveCfg = Debug|Any CPU
		{D0AA7D45-042C-4B11-86B7-169430460199}.Debug|Any CPU.Build.0 = Debug|Any CPU
		{D0AA7D45-042C-4B11-86B7-169430460199}.Release|Any CPU.ActiveCfg = Release|Any CPU
		{D0AA7D45-042C-4B11-86B7-169430460199}.Release|Any CPU.Build.0 = Release|Any CPU
		{B560B4CF-9F0C-4673-9F0C-46BC72E7E745}.Debug|Any CPU.ActiveCfg = Debug|Any CPU
		{B560B4CF-9F0C-4673-9F0C-46BC72E7E745}.Debug|Any CPU.Build.0 = Debug|Any CPU
		{B560B4CF-9F0C-4673-9F0C-46BC72E7E745}.Release|Any CPU.ActiveCfg = Release|Any CPU
		{B560B4CF-9F0C-4673-9F0C-46BC72E7E745}.Release|Any CPU.Build.0 = Release|Any CPU
		{6ABF48C5-D9C2-4EF7-A66A-DFD45DEC3512}.Debug|Any CPU.ActiveCfg = Debug|Any CPU
		{6ABF48C5-D9C2-4EF7-A66A-DFD45DEC3512}.Debug|Any CPU.Build.0 = Debug|Any CPU
		{6ABF48C5-D9C2-4EF7-A66A-DFD45DEC3512}.Release|Any CPU.ActiveCfg = Release|Any CPU
		{6ABF48C5-D9C2-4EF7-A66A-DFD45DEC3512}.Release|Any CPU.Build.0 = Release|Any CPU
		{966428A7-0692-4D5E-9498-386842EB6051}.Debug|Any CPU.ActiveCfg = Debug|Any CPU
		{966428A7-0692-4D5E-9498-386842EB6051}.Debug|Any CPU.Build.0 = Debug|Any CPU
		{966428A7-0692-4D5E-9498-386842EB6051}.Release|Any CPU.ActiveCfg = Release|Any CPU
		{966428A7-0692-4D5E-9498-386842EB6051}.Release|Any CPU.Build.0 = Release|Any CPU
	EndGlobalSection
	GlobalSection(SolutionProperties) = preSolution
		HideSolutionNode = FALSE
	EndGlobalSection
	GlobalSection(NestedProjects) = preSolution
		{E4858600-5F3F-448D-94D0-6AAA12FE73A1} = {02EA681E-C7D8-13C7-8484-4AC65E1B71E8}
		{3463D1B1-5EFD-4E9B-B18A-C7436CB0E46D} = {FCA088B1-0CCB-4438-ABCF-77BED977CBD5}
		{46DAFC0E-4210-4CB1-9E1E-6327C485FFAE} = {FCA088B1-0CCB-4438-ABCF-77BED977CBD5}
		{AC85EDB5-D3EF-47C2-9DCB-AECF2EF90360} = {FCA088B1-0CCB-4438-ABCF-77BED977CBD5}
		{1E406E87-C93A-4E85-8F0F-5211DE5EDFE6} = {FCA088B1-0CCB-4438-ABCF-77BED977CBD5}
		{B879BC23-C85C-4CB0-A96F-8A20D9499888} = {FCA088B1-0CCB-4438-ABCF-77BED977CBD5}
		{1F8FC953-5E6D-4357-849C-DD3406F6AF0E} = {FCA088B1-0CCB-4438-ABCF-77BED977CBD5}
		{5E4EC627-1694-4D2D-B51B-4CE10FBFC414} = {FCA088B1-0CCB-4438-ABCF-77BED977CBD5}
		{9DA05EBB-BDF3-4005-9C47-9DB8CDE04603} = {FCA088B1-0CCB-4438-ABCF-77BED977CBD5}
		{2C75E685-BBCF-4648-BCBC-2F857756D6C7} = {02EA681E-C7D8-13C7-8484-4AC65E1B71E8}
		{01AE05F0-CD32-4F54-8A47-F129E79A1C8C} = {02EA681E-C7D8-13C7-8484-4AC65E1B71E8}
		{4605DF3F-AB58-4D18-B0D5-E2387C253FE8} = {02EA681E-C7D8-13C7-8484-4AC65E1B71E8}
		{B7DA7BCA-E308-4E75-9805-1641BB80107B} = {02EA681E-C7D8-13C7-8484-4AC65E1B71E8}
		{9F7D91BF-D100-48D8-9E07-CCEBC2865CB4} = {46DAFC0E-4210-4CB1-9E1E-6327C485FFAE}
		{D0AA7D45-042C-4B11-86B7-169430460199} = {46DAFC0E-4210-4CB1-9E1E-6327C485FFAE}
		{B560B4CF-9F0C-4673-9F0C-46BC72E7E745} = {46DAFC0E-4210-4CB1-9E1E-6327C485FFAE}
		{6ABF48C5-D9C2-4EF7-A66A-DFD45DEC3512} = {46DAFC0E-4210-4CB1-9E1E-6327C485FFAE}
		{966428A7-0692-4D5E-9498-386842EB6051} = {46DAFC0E-4210-4CB1-9E1E-6327C485FFAE}
	EndGlobalSection
	GlobalSection(ExtensibilityGlobals) = postSolution
		SolutionGuid = {341DF947-21A0-4E05-96B7-1BA0BE8B927F}
	EndGlobalSection
EndGlobal
